
Microsoft Visual Studio Solution File, Format Version 12.00
# Visual Studio Version 17
VisualStudioVersion = 17.0.31903.59
MinimumVisualStudioVersion = 10.0.40219.1
Project("{2150E333-8FDC-42A3-9474-1A3956D46DE8}") = "src", "src", "{795BAFDB-D758-470D-B255-732ECE359382}"
EndProject
Project("{FAE04EC0-301F-11D3-BF4B-00C04F79EFBC}") = "Tasks.Common", "src\Tasks.Common\Tasks.Common.csproj", "{9AA96A14-7C43-4D13-9A45-B620179B1C36}"
EndProject
Project("{FAE04EC0-301F-11D3-BF4B-00C04F79EFBC}") = "Runner", "src\Runner\Runner.csproj", "{DCF1F77F-823A-48AE-B356-7F7A0EFC12AF}"
EndProject
Project("{2150E333-8FDC-42A3-9474-1A3956D46DE8}") = "Tasks", "Tasks", "{E130EAB3-2794-4D8D-98CC-60D335F9EBFE}"
EndProject
Project("{FAE04EC0-301F-11D3-BF4B-00C04F79EFBC}") = "Task01.Kaleidoscope", "src\Tasks\Task01.Kaleidoscope\Task01.Kaleidoscope.csproj", "{D9C3B0DF-457F-4F32-8FF1-23B87C974DCE}"
EndProject
Project("{FAE04EC0-301F-11D3-BF4B-00C04F79EFBC}") = "Task02.Nword", "src\Tasks\Task02.Nword\Task02.Nword.csproj", "{36048375-78FE-42A7-8BE8-0BF1BAB7AD4B}"
EndProject
Project("{FAE04EC0-301F-11D3-BF4B-00C04F79EFBC}") = "Task03.NegativeShift", "src\Tasks\Task03.NegativeShift\Task03.NegativeShift.csproj", "{EC511D32-E526-4C0D-BE3E-3E33882E796A}"
EndProject
Project("{FAE04EC0-301F-11D3-BF4B-00C04F79EFBC}") = "Task04.BestTeacher", "src\Tasks\Task04.BestTeacher\Task04.BestTeacher.csproj", "{C7BE6A00-2747-45FE-B07E-FF66DD89FBA6}"
EndProject
Project("{FAE04EC0-301F-11D3-BF4B-00C04F79EFBC}") = "Task05.CombArray", "src\Tasks\Task05.CombArray\Task05.CombArray.csproj", "{7417F8DA-F07E-40DF-9CD1-90CFBE69FE9C}"
EndProject
Project("{FAE04EC0-301F-11D3-BF4B-00C04F79EFBC}") = "Task06.Find2DArray", "src\Tasks\Task06.Find2DArray\Task06.Find2DArray.csproj", "{A947021F-1EA1-4BB0-9AA4-1B22A885F27B}"
EndProject
Project("{2150E333-8FDC-42A3-9474-1A3956D46DE8}") = "tests", "tests", "{2E56E951-CF40-424A-A573-4AC0DC0A3A27}"
EndProject
Project("{FAE04EC0-301F-11D3-BF4B-00C04F79EFBC}") = "Tasks.Tests", "tests\Tasks.Tests\Tasks.Tests.csproj", "{C078136A-5EAD-4363-B2D5-33A4C4F5A392}"
EndProject
Project("{FAE04EC0-301F-11D3-BF4B-00C04F79EFBC}") = "Task08.ColorfulHouses", "src\Tasks\Task08.ColorfulHouses\Task08.ColorfulHouses.csproj", "{73CFF3B9-9986-4612-86F9-1320AC2C78E3}"
EndProject
Project("{FAE04EC0-301F-11D3-BF4B-00C04F79EFBC}") = "Task09.CrossWord", "src\Tasks\Task09.CrossWord\Task09.CrossWord.csproj", "{10B57515-4A4D-4311-A5DF-1BF088EB761B}"
EndProject
Project("{FAE04EC0-301F-11D3-BF4B-00C04F79EFBC}") = "Task10.SortJaggedArray", "src\Tasks\Task10.SortJaggedArray\Task10.SortJaggedArray.csproj", "{555209E8-3257-466E-95AC-472D4BFBEF1C}"
EndProject
Project("{FAE04EC0-301F-11D3-BF4B-00C04F79EFBC}") = "Task11.SegmentsSort", "src\Tasks\Task11.SegmentsSort\Task11.SegmentsSort.csproj", "{827EE151-CD24-4115-9EE5-9D21FA292A37}"
EndProject
Project("{FAE04EC0-301F-11D3-BF4B-00C04F79EFBC}") = "Task12.Subsidies", "src\Tasks\Task12.Subsidies\Task12.Subsidies.csproj", "{5986B124-8226-4747-93A9-8EC73BAB77FD}"
EndProject
Project("{FAE04EC0-301F-11D3-BF4B-00C04F79EFBC}") = "Task13.SpaceFlight", "src\Tasks\Task13.SpaceFlight\Task13.SpaceFlight.csproj", "{DD54A434-C219-49A4-A7F6-63FA3E203566}"
EndProject
Project("{FAE04EC0-301F-11D3-BF4B-00C04F79EFBC}") = "Task14.SortPancakes", "src\Tasks\Task14.SortPancakes\Task14.SortPancakes.csproj", "{566C76A2-73B6-4175-8324-F63227378055}"
EndProject
Project("{FAE04EC0-301F-11D3-BF4B-00C04F79EFBC}") = "Task15.ApartmentCost", "src\Tasks\Task15.ApartmentCost\Task15.ApartmentCost.csproj", "{22FCF350-B358-4ACB-9ADA-A3011A8C797C}"
EndProject
Project("{FAE04EC0-301F-11D3-BF4B-00C04F79EFBC}") = "Task16.SimilarGroups", "src\Tasks\Task16.SimilarGroups\Task16.SimilarGroups.csproj", "{983E1207-6A99-473A-811F-F54F70C8A69F}"
EndProject
Project("{FAE04EC0-301F-11D3-BF4B-00C04F79EFBC}") = "Task17.DiagonalsArray", "src\Tasks\Task17.DiagonalsArray\Task17.DiagonalsArray.csproj", "{ECE63741-FAE6-44C1-A250-D978D3BB3A89}"
EndProject
Project("{FAE04EC0-301F-11D3-BF4B-00C04F79EFBC}") = "Task18.HanoiTowers", "src\Tasks\Task18.HanoiTowers\Task18.HanoiTowers.csproj", "{20FC3CDA-EA66-4419-8238-D2249E20B3DF}"
EndProject
Project("{FAE04EC0-301F-11D3-BF4B-00C04F79EFBC}") = "Task19.LongestPath", "src\Tasks\Task19.LongestPath\Task19.LongestPath.csproj", "{BD1F0396-2EC0-4AAE-8C08-03DB8A8BA67F}"
EndProject
Project("{FAE04EC0-301F-11D3-BF4B-00C04F79EFBC}") = "Task20.SearchFiles", "src\Tasks\Task20.SearchFiles\Task20.SearchFiles.csproj", "{41F4F165-7DF5-4124-9286-E458F2F29D02}"
EndProject
Project("{FAE04EC0-301F-11D3-BF4B-00C04F79EFBC}") = "Task22.EratosthenesAlgo", "src\Tasks\Task22.EratosthenesAlgo\Task22.EratosthenesAlgo.csproj", "{DC7BBC29-AE4A-40FE-A6A7-07749DFB1284}"
EndProject
Project("{FAE04EC0-301F-11D3-BF4B-00C04F79EFBC}") = "Task23.Settlements", "src\Tasks\Task23.Settlements\Task23.Settlements.csproj", "{D66A4CFF-FF62-4B47-816F-7B2B9EAD0AD3}"
EndProject
Project("{FAE04EC0-301F-11D3-BF4B-00C04F79EFBC}") = "Task24.UniqueLetter", "src\Tasks\Task24.UniqueLetter\Task24.UniqueLetter.csproj", "{B1FC772F-C6AC-487C-A8CA-809490B4706B}"
EndProject
Project("{FAE04EC0-301F-11D3-BF4B-00C04F79EFBC}") = "Task25.ArithmeticExpressions", "src\Tasks\Task25.ArithmeticExpressions\Task25.ArithmeticExpressions.csproj", "{95D82938-8AE1-46C2-BDC2-2FFCE189B7BE}"
EndProject
Project("{FAE04EC0-301F-11D3-BF4B-00C04F79EFBC}") = "Task26.ComposeWord", "src\Tasks\Task26.ComposeWord\Task26.ComposeWord.csproj", "{2D45FDC0-1389-44EF-B412-E22D2025ED9C}"
EndProject
Project("{FAE04EC0-301F-11D3-BF4B-00C04F79EFBC}") = "Task27.FindPalindrome", "src\Tasks\Task27.FindPalindrome\Task27.FindPalindrome.csproj", "{2DB435EC-1E1B-4F5C-AA69-C88F6B966A7B}"
EndProject
Project("{FAE04EC0-301F-11D3-BF4B-00C04F79EFBC}") = "Task28.NextBigNumber", "src\Tasks\Task28.NextBigNumber\Task28.NextBigNumber.csproj", "{2DA8458D-1545-4394-A038-29D0322DB0B7}"
EndProject
Project("{FAE04EC0-301F-11D3-BF4B-00C04F79EFBC}") = "Task29.BiggestNumber", "src\Tasks\Task29.BiggestNumber\Task29.BiggestNumber.csproj", "{2A9F22A7-C0E4-4941-A108-3E04338DD295}"
EndProject
Global
	GlobalSection(SolutionConfigurationPlatforms) = preSolution
		Debug|Any CPU = Debug|Any CPU
		Debug|x64 = Debug|x64
		Debug|x86 = Debug|x86
		Release|Any CPU = Release|Any CPU
		Release|x64 = Release|x64
		Release|x86 = Release|x86
	EndGlobalSection
	GlobalSection(ProjectConfigurationPlatforms) = postSolution
		{9AA96A14-7C43-4D13-9A45-B620179B1C36}.Debug|Any CPU.ActiveCfg = Debug|Any CPU
		{9AA96A14-7C43-4D13-9A45-B620179B1C36}.Debug|Any CPU.Build.0 = Debug|Any CPU
		{9AA96A14-7C43-4D13-9A45-B620179B1C36}.Debug|x64.ActiveCfg = Debug|Any CPU
		{9AA96A14-7C43-4D13-9A45-B620179B1C36}.Debug|x64.Build.0 = Debug|Any CPU
		{9AA96A14-7C43-4D13-9A45-B620179B1C36}.Debug|x86.ActiveCfg = Debug|Any CPU
		{9AA96A14-7C43-4D13-9A45-B620179B1C36}.Debug|x86.Build.0 = Debug|Any CPU
		{9AA96A14-7C43-4D13-9A45-B620179B1C36}.Release|Any CPU.ActiveCfg = Release|Any CPU
		{9AA96A14-7C43-4D13-9A45-B620179B1C36}.Release|Any CPU.Build.0 = Release|Any CPU
		{9AA96A14-7C43-4D13-9A45-B620179B1C36}.Release|x64.ActiveCfg = Release|Any CPU
		{9AA96A14-7C43-4D13-9A45-B620179B1C36}.Release|x64.Build.0 = Release|Any CPU
		{9AA96A14-7C43-4D13-9A45-B620179B1C36}.Release|x86.ActiveCfg = Release|Any CPU
		{9AA96A14-7C43-4D13-9A45-B620179B1C36}.Release|x86.Build.0 = Release|Any CPU
		{DCF1F77F-823A-48AE-B356-7F7A0EFC12AF}.Debug|Any CPU.ActiveCfg = Debug|Any CPU
		{DCF1F77F-823A-48AE-B356-7F7A0EFC12AF}.Debug|Any CPU.Build.0 = Debug|Any CPU
		{DCF1F77F-823A-48AE-B356-7F7A0EFC12AF}.Debug|x64.ActiveCfg = Debug|Any CPU
		{DCF1F77F-823A-48AE-B356-7F7A0EFC12AF}.Debug|x64.Build.0 = Debug|Any CPU
		{DCF1F77F-823A-48AE-B356-7F7A0EFC12AF}.Debug|x86.ActiveCfg = Debug|Any CPU
		{DCF1F77F-823A-48AE-B356-7F7A0EFC12AF}.Debug|x86.Build.0 = Debug|Any CPU
		{DCF1F77F-823A-48AE-B356-7F7A0EFC12AF}.Release|Any CPU.ActiveCfg = Release|Any CPU
		{DCF1F77F-823A-48AE-B356-7F7A0EFC12AF}.Release|Any CPU.Build.0 = Release|Any CPU
		{DCF1F77F-823A-48AE-B356-7F7A0EFC12AF}.Release|x64.ActiveCfg = Release|Any CPU
		{DCF1F77F-823A-48AE-B356-7F7A0EFC12AF}.Release|x64.Build.0 = Release|Any CPU
		{DCF1F77F-823A-48AE-B356-7F7A0EFC12AF}.Release|x86.ActiveCfg = Release|Any CPU
		{DCF1F77F-823A-48AE-B356-7F7A0EFC12AF}.Release|x86.Build.0 = Release|Any CPU
		{D9C3B0DF-457F-4F32-8FF1-23B87C974DCE}.Debug|Any CPU.ActiveCfg = Debug|Any CPU
		{D9C3B0DF-457F-4F32-8FF1-23B87C974DCE}.Debug|Any CPU.Build.0 = Debug|Any CPU
		{D9C3B0DF-457F-4F32-8FF1-23B87C974DCE}.Debug|x64.ActiveCfg = Debug|Any CPU
		{D9C3B0DF-457F-4F32-8FF1-23B87C974DCE}.Debug|x64.Build.0 = Debug|Any CPU
		{D9C3B0DF-457F-4F32-8FF1-23B87C974DCE}.Debug|x86.ActiveCfg = Debug|Any CPU
		{D9C3B0DF-457F-4F32-8FF1-23B87C974DCE}.Debug|x86.Build.0 = Debug|Any CPU
		{D9C3B0DF-457F-4F32-8FF1-23B87C974DCE}.Release|Any CPU.ActiveCfg = Release|Any CPU
		{D9C3B0DF-457F-4F32-8FF1-23B87C974DCE}.Release|Any CPU.Build.0 = Release|Any CPU
		{D9C3B0DF-457F-4F32-8FF1-23B87C974DCE}.Release|x64.ActiveCfg = Release|Any CPU
		{D9C3B0DF-457F-4F32-8FF1-23B87C974DCE}.Release|x64.Build.0 = Release|Any CPU
		{D9C3B0DF-457F-4F32-8FF1-23B87C974DCE}.Release|x86.ActiveCfg = Release|Any CPU
		{D9C3B0DF-457F-4F32-8FF1-23B87C974DCE}.Release|x86.Build.0 = Release|Any CPU
		{36048375-78FE-42A7-8BE8-0BF1BAB7AD4B}.Debug|Any CPU.ActiveCfg = Debug|Any CPU
		{36048375-78FE-42A7-8BE8-0BF1BAB7AD4B}.Debug|Any CPU.Build.0 = Debug|Any CPU
		{36048375-78FE-42A7-8BE8-0BF1BAB7AD4B}.Debug|x64.ActiveCfg = Debug|Any CPU
		{36048375-78FE-42A7-8BE8-0BF1BAB7AD4B}.Debug|x64.Build.0 = Debug|Any CPU
		{36048375-78FE-42A7-8BE8-0BF1BAB7AD4B}.Debug|x86.ActiveCfg = Debug|Any CPU
		{36048375-78FE-42A7-8BE8-0BF1BAB7AD4B}.Debug|x86.Build.0 = Debug|Any CPU
		{36048375-78FE-42A7-8BE8-0BF1BAB7AD4B}.Release|Any CPU.ActiveCfg = Release|Any CPU
		{36048375-78FE-42A7-8BE8-0BF1BAB7AD4B}.Release|Any CPU.Build.0 = Release|Any CPU
		{36048375-78FE-42A7-8BE8-0BF1BAB7AD4B}.Release|x64.ActiveCfg = Release|Any CPU
		{36048375-78FE-42A7-8BE8-0BF1BAB7AD4B}.Release|x64.Build.0 = Release|Any CPU
		{36048375-78FE-42A7-8BE8-0BF1BAB7AD4B}.Release|x86.ActiveCfg = Release|Any CPU
		{36048375-78FE-42A7-8BE8-0BF1BAB7AD4B}.Release|x86.Build.0 = Release|Any CPU
		{EC511D32-E526-4C0D-BE3E-3E33882E796A}.Debug|Any CPU.ActiveCfg = Debug|Any CPU
		{EC511D32-E526-4C0D-BE3E-3E33882E796A}.Debug|Any CPU.Build.0 = Debug|Any CPU
		{EC511D32-E526-4C0D-BE3E-3E33882E796A}.Debug|x64.ActiveCfg = Debug|Any CPU
		{EC511D32-E526-4C0D-BE3E-3E33882E796A}.Debug|x64.Build.0 = Debug|Any CPU
		{EC511D32-E526-4C0D-BE3E-3E33882E796A}.Debug|x86.ActiveCfg = Debug|Any CPU
		{EC511D32-E526-4C0D-BE3E-3E33882E796A}.Debug|x86.Build.0 = Debug|Any CPU
		{EC511D32-E526-4C0D-BE3E-3E33882E796A}.Release|Any CPU.ActiveCfg = Release|Any CPU
		{EC511D32-E526-4C0D-BE3E-3E33882E796A}.Release|Any CPU.Build.0 = Release|Any CPU
		{EC511D32-E526-4C0D-BE3E-3E33882E796A}.Release|x64.ActiveCfg = Release|Any CPU
		{EC511D32-E526-4C0D-BE3E-3E33882E796A}.Release|x64.Build.0 = Release|Any CPU
		{EC511D32-E526-4C0D-BE3E-3E33882E796A}.Release|x86.ActiveCfg = Release|Any CPU
		{EC511D32-E526-4C0D-BE3E-3E33882E796A}.Release|x86.Build.0 = Release|Any CPU
		{C7BE6A00-2747-45FE-B07E-FF66DD89FBA6}.Debug|Any CPU.ActiveCfg = Debug|Any CPU
		{C7BE6A00-2747-45FE-B07E-FF66DD89FBA6}.Debug|Any CPU.Build.0 = Debug|Any CPU
		{C7BE6A00-2747-45FE-B07E-FF66DD89FBA6}.Debug|x64.ActiveCfg = Debug|Any CPU
		{C7BE6A00-2747-45FE-B07E-FF66DD89FBA6}.Debug|x64.Build.0 = Debug|Any CPU
		{C7BE6A00-2747-45FE-B07E-FF66DD89FBA6}.Debug|x86.ActiveCfg = Debug|Any CPU
		{C7BE6A00-2747-45FE-B07E-FF66DD89FBA6}.Debug|x86.Build.0 = Debug|Any CPU
		{C7BE6A00-2747-45FE-B07E-FF66DD89FBA6}.Release|Any CPU.ActiveCfg = Release|Any CPU
		{C7BE6A00-2747-45FE-B07E-FF66DD89FBA6}.Release|Any CPU.Build.0 = Release|Any CPU
		{C7BE6A00-2747-45FE-B07E-FF66DD89FBA6}.Release|x64.ActiveCfg = Release|Any CPU
		{C7BE6A00-2747-45FE-B07E-FF66DD89FBA6}.Release|x64.Build.0 = Release|Any CPU
		{C7BE6A00-2747-45FE-B07E-FF66DD89FBA6}.Release|x86.ActiveCfg = Release|Any CPU
		{C7BE6A00-2747-45FE-B07E-FF66DD89FBA6}.Release|x86.Build.0 = Release|Any CPU
		{7417F8DA-F07E-40DF-9CD1-90CFBE69FE9C}.Debug|Any CPU.ActiveCfg = Debug|Any CPU
		{7417F8DA-F07E-40DF-9CD1-90CFBE69FE9C}.Debug|Any CPU.Build.0 = Debug|Any CPU
		{7417F8DA-F07E-40DF-9CD1-90CFBE69FE9C}.Debug|x64.ActiveCfg = Debug|Any CPU
		{7417F8DA-F07E-40DF-9CD1-90CFBE69FE9C}.Debug|x64.Build.0 = Debug|Any CPU
		{7417F8DA-F07E-40DF-9CD1-90CFBE69FE9C}.Debug|x86.ActiveCfg = Debug|Any CPU
		{7417F8DA-F07E-40DF-9CD1-90CFBE69FE9C}.Debug|x86.Build.0 = Debug|Any CPU
		{7417F8DA-F07E-40DF-9CD1-90CFBE69FE9C}.Release|Any CPU.ActiveCfg = Release|Any CPU
		{7417F8DA-F07E-40DF-9CD1-90CFBE69FE9C}.Release|Any CPU.Build.0 = Release|Any CPU
		{7417F8DA-F07E-40DF-9CD1-90CFBE69FE9C}.Release|x64.ActiveCfg = Release|Any CPU
		{7417F8DA-F07E-40DF-9CD1-90CFBE69FE9C}.Release|x64.Build.0 = Release|Any CPU
		{7417F8DA-F07E-40DF-9CD1-90CFBE69FE9C}.Release|x86.ActiveCfg = Release|Any CPU
		{7417F8DA-F07E-40DF-9CD1-90CFBE69FE9C}.Release|x86.Build.0 = Release|Any CPU
		{A947021F-1EA1-4BB0-9AA4-1B22A885F27B}.Debug|Any CPU.ActiveCfg = Debug|Any CPU
		{A947021F-1EA1-4BB0-9AA4-1B22A885F27B}.Debug|Any CPU.Build.0 = Debug|Any CPU
		{A947021F-1EA1-4BB0-9AA4-1B22A885F27B}.Debug|x64.ActiveCfg = Debug|Any CPU
		{A947021F-1EA1-4BB0-9AA4-1B22A885F27B}.Debug|x64.Build.0 = Debug|Any CPU
		{A947021F-1EA1-4BB0-9AA4-1B22A885F27B}.Debug|x86.ActiveCfg = Debug|Any CPU
		{A947021F-1EA1-4BB0-9AA4-1B22A885F27B}.Debug|x86.Build.0 = Debug|Any CPU
		{A947021F-1EA1-4BB0-9AA4-1B22A885F27B}.Release|Any CPU.ActiveCfg = Release|Any CPU
		{A947021F-1EA1-4BB0-9AA4-1B22A885F27B}.Release|Any CPU.Build.0 = Release|Any CPU
		{A947021F-1EA1-4BB0-9AA4-1B22A885F27B}.Release|x64.ActiveCfg = Release|Any CPU
		{A947021F-1EA1-4BB0-9AA4-1B22A885F27B}.Release|x64.Build.0 = Release|Any CPU
		{A947021F-1EA1-4BB0-9AA4-1B22A885F27B}.Release|x86.ActiveCfg = Release|Any CPU
		{A947021F-1EA1-4BB0-9AA4-1B22A885F27B}.Release|x86.Build.0 = Release|Any CPU
		{C078136A-5EAD-4363-B2D5-33A4C4F5A392}.Debug|Any CPU.ActiveCfg = Debug|Any CPU
		{C078136A-5EAD-4363-B2D5-33A4C4F5A392}.Debug|Any CPU.Build.0 = Debug|Any CPU
		{C078136A-5EAD-4363-B2D5-33A4C4F5A392}.Debug|x64.ActiveCfg = Debug|Any CPU
		{C078136A-5EAD-4363-B2D5-33A4C4F5A392}.Debug|x64.Build.0 = Debug|Any CPU
		{C078136A-5EAD-4363-B2D5-33A4C4F5A392}.Debug|x86.ActiveCfg = Debug|Any CPU
		{C078136A-5EAD-4363-B2D5-33A4C4F5A392}.Debug|x86.Build.0 = Debug|Any CPU
		{C078136A-5EAD-4363-B2D5-33A4C4F5A392}.Release|Any CPU.ActiveCfg = Release|Any CPU
		{C078136A-5EAD-4363-B2D5-33A4C4F5A392}.Release|Any CPU.Build.0 = Release|Any CPU
		{73CFF3B9-9986-4612-86F9-1320AC2C78E3}.Debug|Any CPU.ActiveCfg = Debug|Any CPU
		{73CFF3B9-9986-4612-86F9-1320AC2C78E3}.Debug|Any CPU.Build.0 = Debug|Any CPU
		{73CFF3B9-9986-4612-86F9-1320AC2C78E3}.Release|Any CPU.ActiveCfg = Release|Any CPU
		{73CFF3B9-9986-4612-86F9-1320AC2C78E3}.Release|Any CPU.Build.0 = Release|Any CPU
		{C078136A-5EAD-4363-B2D5-33A4C4F5A392}.Release|x64.ActiveCfg = Release|Any CPU
		{C078136A-5EAD-4363-B2D5-33A4C4F5A392}.Release|x64.Build.0 = Release|Any CPU
		{C078136A-5EAD-4363-B2D5-33A4C4F5A392}.Release|x86.ActiveCfg = Release|Any CPU
		{C078136A-5EAD-4363-B2D5-33A4C4F5A392}.Release|x86.Build.0 = Release|Any CPU
		{10B57515-4A4D-4311-A5DF-1BF088EB761B}.Debug|Any CPU.ActiveCfg = Debug|Any CPU
		{10B57515-4A4D-4311-A5DF-1BF088EB761B}.Debug|Any CPU.Build.0 = Debug|Any CPU
		{10B57515-4A4D-4311-A5DF-1BF088EB761B}.Debug|x64.ActiveCfg = Debug|Any CPU
		{10B57515-4A4D-4311-A5DF-1BF088EB761B}.Debug|x64.Build.0 = Debug|Any CPU
		{10B57515-4A4D-4311-A5DF-1BF088EB761B}.Debug|x86.ActiveCfg = Debug|Any CPU
		{10B57515-4A4D-4311-A5DF-1BF088EB761B}.Debug|x86.Build.0 = Debug|Any CPU
		{10B57515-4A4D-4311-A5DF-1BF088EB761B}.Release|Any CPU.ActiveCfg = Release|Any CPU
		{10B57515-4A4D-4311-A5DF-1BF088EB761B}.Release|Any CPU.Build.0 = Release|Any CPU
		{10B57515-4A4D-4311-A5DF-1BF088EB761B}.Release|x64.ActiveCfg = Release|Any CPU
		{10B57515-4A4D-4311-A5DF-1BF088EB761B}.Release|x64.Build.0 = Release|Any CPU
		{10B57515-4A4D-4311-A5DF-1BF088EB761B}.Release|x86.ActiveCfg = Release|Any CPU
		{10B57515-4A4D-4311-A5DF-1BF088EB761B}.Release|x86.Build.0 = Release|Any CPU
		{555209E8-3257-466E-95AC-472D4BFBEF1C}.Debug|Any CPU.ActiveCfg = Debug|Any CPU
		{555209E8-3257-466E-95AC-472D4BFBEF1C}.Debug|Any CPU.Build.0 = Debug|Any CPU
		{555209E8-3257-466E-95AC-472D4BFBEF1C}.Debug|x64.ActiveCfg = Debug|Any CPU
		{555209E8-3257-466E-95AC-472D4BFBEF1C}.Debug|x64.Build.0 = Debug|Any CPU
		{555209E8-3257-466E-95AC-472D4BFBEF1C}.Debug|x86.ActiveCfg = Debug|Any CPU
		{555209E8-3257-466E-95AC-472D4BFBEF1C}.Debug|x86.Build.0 = Debug|Any CPU
		{555209E8-3257-466E-95AC-472D4BFBEF1C}.Release|Any CPU.ActiveCfg = Release|Any CPU
		{555209E8-3257-466E-95AC-472D4BFBEF1C}.Release|Any CPU.Build.0 = Release|Any CPU
		{555209E8-3257-466E-95AC-472D4BFBEF1C}.Release|x64.ActiveCfg = Release|Any CPU
		{555209E8-3257-466E-95AC-472D4BFBEF1C}.Release|x64.Build.0 = Release|Any CPU
		{555209E8-3257-466E-95AC-472D4BFBEF1C}.Release|x86.ActiveCfg = Release|Any CPU
		{555209E8-3257-466E-95AC-472D4BFBEF1C}.Release|x86.Build.0 = Release|Any CPU
		{827EE151-CD24-4115-9EE5-9D21FA292A37}.Debug|Any CPU.ActiveCfg = Debug|Any CPU
		{827EE151-CD24-4115-9EE5-9D21FA292A37}.Debug|Any CPU.Build.0 = Debug|Any CPU
		{827EE151-CD24-4115-9EE5-9D21FA292A37}.Debug|x64.ActiveCfg = Debug|Any CPU
		{827EE151-CD24-4115-9EE5-9D21FA292A37}.Debug|x64.Build.0 = Debug|Any CPU
		{827EE151-CD24-4115-9EE5-9D21FA292A37}.Debug|x86.ActiveCfg = Debug|Any CPU
		{827EE151-CD24-4115-9EE5-9D21FA292A37}.Debug|x86.Build.0 = Debug|Any CPU
		{827EE151-CD24-4115-9EE5-9D21FA292A37}.Release|Any CPU.ActiveCfg = Release|Any CPU
		{827EE151-CD24-4115-9EE5-9D21FA292A37}.Release|Any CPU.Build.0 = Release|Any CPU
		{827EE151-CD24-4115-9EE5-9D21FA292A37}.Release|x64.ActiveCfg = Release|Any CPU
		{827EE151-CD24-4115-9EE5-9D21FA292A37}.Release|x64.Build.0 = Release|Any CPU
		{827EE151-CD24-4115-9EE5-9D21FA292A37}.Release|x86.ActiveCfg = Release|Any CPU
		{827EE151-CD24-4115-9EE5-9D21FA292A37}.Release|x86.Build.0 = Release|Any CPU
		{5986B124-8226-4747-93A9-8EC73BAB77FD}.Debug|Any CPU.ActiveCfg = Debug|Any CPU
		{5986B124-8226-4747-93A9-8EC73BAB77FD}.Debug|Any CPU.Build.0 = Debug|Any CPU
		{5986B124-8226-4747-93A9-8EC73BAB77FD}.Debug|x64.ActiveCfg = Debug|Any CPU
		{5986B124-8226-4747-93A9-8EC73BAB77FD}.Debug|x64.Build.0 = Debug|Any CPU
		{5986B124-8226-4747-93A9-8EC73BAB77FD}.Debug|x86.ActiveCfg = Debug|Any CPU
		{5986B124-8226-4747-93A9-8EC73BAB77FD}.Debug|x86.Build.0 = Debug|Any CPU
		{5986B124-8226-4747-93A9-8EC73BAB77FD}.Release|Any CPU.ActiveCfg = Release|Any CPU
		{5986B124-8226-4747-93A9-8EC73BAB77FD}.Release|Any CPU.Build.0 = Release|Any CPU
		{5986B124-8226-4747-93A9-8EC73BAB77FD}.Release|x64.ActiveCfg = Release|Any CPU
		{5986B124-8226-4747-93A9-8EC73BAB77FD}.Release|x64.Build.0 = Release|Any CPU
		{5986B124-8226-4747-93A9-8EC73BAB77FD}.Release|x86.ActiveCfg = Release|Any CPU
		{5986B124-8226-4747-93A9-8EC73BAB77FD}.Release|x86.Build.0 = Release|Any CPU
		{DD54A434-C219-49A4-A7F6-63FA3E203566}.Debug|Any CPU.ActiveCfg = Debug|Any CPU
		{DD54A434-C219-49A4-A7F6-63FA3E203566}.Debug|Any CPU.Build.0 = Debug|Any CPU
		{DD54A434-C219-49A4-A7F6-63FA3E203566}.Debug|x64.ActiveCfg = Debug|Any CPU
		{DD54A434-C219-49A4-A7F6-63FA3E203566}.Debug|x64.Build.0 = Debug|Any CPU
		{DD54A434-C219-49A4-A7F6-63FA3E203566}.Debug|x86.ActiveCfg = Debug|Any CPU
		{DD54A434-C219-49A4-A7F6-63FA3E203566}.Debug|x86.Build.0 = Debug|Any CPU
		{DD54A434-C219-49A4-A7F6-63FA3E203566}.Release|Any CPU.ActiveCfg = Release|Any CPU
		{DD54A434-C219-49A4-A7F6-63FA3E203566}.Release|Any CPU.Build.0 = Release|Any CPU
		{DD54A434-C219-49A4-A7F6-63FA3E203566}.Release|x64.ActiveCfg = Release|Any CPU
		{DD54A434-C219-49A4-A7F6-63FA3E203566}.Release|x64.Build.0 = Release|Any CPU
		{DD54A434-C219-49A4-A7F6-63FA3E203566}.Release|x86.ActiveCfg = Release|Any CPU
		{DD54A434-C219-49A4-A7F6-63FA3E203566}.Release|x86.Build.0 = Release|Any CPU
		{566C76A2-73B6-4175-8324-F63227378055}.Debug|Any CPU.ActiveCfg = Debug|Any CPU
		{566C76A2-73B6-4175-8324-F63227378055}.Debug|Any CPU.Build.0 = Debug|Any CPU
		{566C76A2-73B6-4175-8324-F63227378055}.Debug|x64.ActiveCfg = Debug|Any CPU
		{566C76A2-73B6-4175-8324-F63227378055}.Debug|x64.Build.0 = Debug|Any CPU
		{566C76A2-73B6-4175-8324-F63227378055}.Debug|x86.ActiveCfg = Debug|Any CPU
		{566C76A2-73B6-4175-8324-F63227378055}.Debug|x86.Build.0 = Debug|Any CPU
		{566C76A2-73B6-4175-8324-F63227378055}.Release|Any CPU.ActiveCfg = Release|Any CPU
		{566C76A2-73B6-4175-8324-F63227378055}.Release|Any CPU.Build.0 = Release|Any CPU
		{566C76A2-73B6-4175-8324-F63227378055}.Release|x64.ActiveCfg = Release|Any CPU
		{566C76A2-73B6-4175-8324-F63227378055}.Release|x64.Build.0 = Release|Any CPU
		{566C76A2-73B6-4175-8324-F63227378055}.Release|x86.ActiveCfg = Release|Any CPU
		{566C76A2-73B6-4175-8324-F63227378055}.Release|x86.Build.0 = Release|Any CPU
		{22FCF350-B358-4ACB-9ADA-A3011A8C797C}.Debug|Any CPU.ActiveCfg = Debug|Any CPU
		{22FCF350-B358-4ACB-9ADA-A3011A8C797C}.Debug|Any CPU.Build.0 = Debug|Any CPU
		{22FCF350-B358-4ACB-9ADA-A3011A8C797C}.Debug|x64.ActiveCfg = Debug|Any CPU
		{22FCF350-B358-4ACB-9ADA-A3011A8C797C}.Debug|x64.Build.0 = Debug|Any CPU
		{22FCF350-B358-4ACB-9ADA-A3011A8C797C}.Debug|x86.ActiveCfg = Debug|Any CPU
		{22FCF350-B358-4ACB-9ADA-A3011A8C797C}.Debug|x86.Build.0 = Debug|Any CPU
		{22FCF350-B358-4ACB-9ADA-A3011A8C797C}.Release|Any CPU.ActiveCfg = Release|Any CPU
		{22FCF350-B358-4ACB-9ADA-A3011A8C797C}.Release|Any CPU.Build.0 = Release|Any CPU
		{22FCF350-B358-4ACB-9ADA-A3011A8C797C}.Release|x64.ActiveCfg = Release|Any CPU
		{22FCF350-B358-4ACB-9ADA-A3011A8C797C}.Release|x64.Build.0 = Release|Any CPU
		{22FCF350-B358-4ACB-9ADA-A3011A8C797C}.Release|x86.ActiveCfg = Release|Any CPU
		{22FCF350-B358-4ACB-9ADA-A3011A8C797C}.Release|x86.Build.0 = Release|Any CPU
		{983E1207-6A99-473A-811F-F54F70C8A69F}.Debug|Any CPU.ActiveCfg = Debug|Any CPU
		{983E1207-6A99-473A-811F-F54F70C8A69F}.Debug|Any CPU.Build.0 = Debug|Any CPU
		{983E1207-6A99-473A-811F-F54F70C8A69F}.Debug|x64.ActiveCfg = Debug|Any CPU
		{983E1207-6A99-473A-811F-F54F70C8A69F}.Debug|x64.Build.0 = Debug|Any CPU
		{983E1207-6A99-473A-811F-F54F70C8A69F}.Debug|x86.ActiveCfg = Debug|Any CPU
		{983E1207-6A99-473A-811F-F54F70C8A69F}.Debug|x86.Build.0 = Debug|Any CPU
		{983E1207-6A99-473A-811F-F54F70C8A69F}.Release|Any CPU.ActiveCfg = Release|Any CPU
		{983E1207-6A99-473A-811F-F54F70C8A69F}.Release|Any CPU.Build.0 = Release|Any CPU
		{983E1207-6A99-473A-811F-F54F70C8A69F}.Release|x64.ActiveCfg = Release|Any CPU
		{983E1207-6A99-473A-811F-F54F70C8A69F}.Release|x64.Build.0 = Release|Any CPU
		{983E1207-6A99-473A-811F-F54F70C8A69F}.Release|x86.ActiveCfg = Release|Any CPU
		{983E1207-6A99-473A-811F-F54F70C8A69F}.Release|x86.Build.0 = Release|Any CPU
		{ECE63741-FAE6-44C1-A250-D978D3BB3A89}.Debug|Any CPU.ActiveCfg = Debug|Any CPU
		{ECE63741-FAE6-44C1-A250-D978D3BB3A89}.Debug|Any CPU.Build.0 = Debug|Any CPU
		{ECE63741-FAE6-44C1-A250-D978D3BB3A89}.Debug|x64.ActiveCfg = Debug|Any CPU
		{ECE63741-FAE6-44C1-A250-D978D3BB3A89}.Debug|x64.Build.0 = Debug|Any CPU
		{ECE63741-FAE6-44C1-A250-D978D3BB3A89}.Debug|x86.ActiveCfg = Debug|Any CPU
		{ECE63741-FAE6-44C1-A250-D978D3BB3A89}.Debug|x86.Build.0 = Debug|Any CPU
		{ECE63741-FAE6-44C1-A250-D978D3BB3A89}.Release|Any CPU.ActiveCfg = Release|Any CPU
		{ECE63741-FAE6-44C1-A250-D978D3BB3A89}.Release|Any CPU.Build.0 = Release|Any CPU
		{ECE63741-FAE6-44C1-A250-D978D3BB3A89}.Release|x64.ActiveCfg = Release|Any CPU
		{ECE63741-FAE6-44C1-A250-D978D3BB3A89}.Release|x64.Build.0 = Release|Any CPU
		{ECE63741-FAE6-44C1-A250-D978D3BB3A89}.Release|x86.ActiveCfg = Release|Any CPU
		{ECE63741-FAE6-44C1-A250-D978D3BB3A89}.Release|x86.Build.0 = Release|Any CPU
		{20FC3CDA-EA66-4419-8238-D2249E20B3DF}.Debug|Any CPU.ActiveCfg = Debug|Any CPU
		{20FC3CDA-EA66-4419-8238-D2249E20B3DF}.Debug|Any CPU.Build.0 = Debug|Any CPU
		{20FC3CDA-EA66-4419-8238-D2249E20B3DF}.Debug|x64.ActiveCfg = Debug|Any CPU
		{20FC3CDA-EA66-4419-8238-D2249E20B3DF}.Debug|x64.Build.0 = Debug|Any CPU
		{20FC3CDA-EA66-4419-8238-D2249E20B3DF}.Debug|x86.ActiveCfg = Debug|Any CPU
		{20FC3CDA-EA66-4419-8238-D2249E20B3DF}.Debug|x86.Build.0 = Debug|Any CPU
		{20FC3CDA-EA66-4419-8238-D2249E20B3DF}.Release|Any CPU.ActiveCfg = Release|Any CPU
		{20FC3CDA-EA66-4419-8238-D2249E20B3DF}.Release|Any CPU.Build.0 = Release|Any CPU
		{20FC3CDA-EA66-4419-8238-D2249E20B3DF}.Release|x64.ActiveCfg = Release|Any CPU
		{20FC3CDA-EA66-4419-8238-D2249E20B3DF}.Release|x64.Build.0 = Release|Any CPU
		{20FC3CDA-EA66-4419-8238-D2249E20B3DF}.Release|x86.ActiveCfg = Release|Any CPU
		{20FC3CDA-EA66-4419-8238-D2249E20B3DF}.Release|x86.Build.0 = Release|Any CPU
		{BD1F0396-2EC0-4AAE-8C08-03DB8A8BA67F}.Debug|Any CPU.ActiveCfg = Debug|Any CPU
		{BD1F0396-2EC0-4AAE-8C08-03DB8A8BA67F}.Debug|Any CPU.Build.0 = Debug|Any CPU
		{BD1F0396-2EC0-4AAE-8C08-03DB8A8BA67F}.Debug|x64.ActiveCfg = Debug|Any CPU
		{BD1F0396-2EC0-4AAE-8C08-03DB8A8BA67F}.Debug|x64.Build.0 = Debug|Any CPU
		{BD1F0396-2EC0-4AAE-8C08-03DB8A8BA67F}.Debug|x86.ActiveCfg = Debug|Any CPU
		{BD1F0396-2EC0-4AAE-8C08-03DB8A8BA67F}.Debug|x86.Build.0 = Debug|Any CPU
		{BD1F0396-2EC0-4AAE-8C08-03DB8A8BA67F}.Release|Any CPU.ActiveCfg = Release|Any CPU
		{BD1F0396-2EC0-4AAE-8C08-03DB8A8BA67F}.Release|Any CPU.Build.0 = Release|Any CPU
		{BD1F0396-2EC0-4AAE-8C08-03DB8A8BA67F}.Release|x64.ActiveCfg = Release|Any CPU
		{BD1F0396-2EC0-4AAE-8C08-03DB8A8BA67F}.Release|x64.Build.0 = Release|Any CPU
		{BD1F0396-2EC0-4AAE-8C08-03DB8A8BA67F}.Release|x86.ActiveCfg = Release|Any CPU
		{BD1F0396-2EC0-4AAE-8C08-03DB8A8BA67F}.Release|x86.Build.0 = Release|Any CPU
		{41F4F165-7DF5-4124-9286-E458F2F29D02}.Debug|Any CPU.ActiveCfg = Debug|Any CPU
		{41F4F165-7DF5-4124-9286-E458F2F29D02}.Debug|Any CPU.Build.0 = Debug|Any CPU
		{41F4F165-7DF5-4124-9286-E458F2F29D02}.Debug|x64.ActiveCfg = Debug|Any CPU
		{41F4F165-7DF5-4124-9286-E458F2F29D02}.Debug|x64.Build.0 = Debug|Any CPU
		{41F4F165-7DF5-4124-9286-E458F2F29D02}.Debug|x86.ActiveCfg = Debug|Any CPU
		{41F4F165-7DF5-4124-9286-E458F2F29D02}.Debug|x86.Build.0 = Debug|Any CPU
		{41F4F165-7DF5-4124-9286-E458F2F29D02}.Release|Any CPU.ActiveCfg = Release|Any CPU
		{41F4F165-7DF5-4124-9286-E458F2F29D02}.Release|Any CPU.Build.0 = Release|Any CPU
		{41F4F165-7DF5-4124-9286-E458F2F29D02}.Release|x64.ActiveCfg = Release|Any CPU
		{41F4F165-7DF5-4124-9286-E458F2F29D02}.Release|x64.Build.0 = Release|Any CPU
		{41F4F165-7DF5-4124-9286-E458F2F29D02}.Release|x86.ActiveCfg = Release|Any CPU
		{41F4F165-7DF5-4124-9286-E458F2F29D02}.Release|x86.Build.0 = Release|Any CPU
		{DC7BBC29-AE4A-40FE-A6A7-07749DFB1284}.Debug|Any CPU.ActiveCfg = Debug|Any CPU
		{DC7BBC29-AE4A-40FE-A6A7-07749DFB1284}.Debug|Any CPU.Build.0 = Debug|Any CPU
		{DC7BBC29-AE4A-40FE-A6A7-07749DFB1284}.Debug|x64.ActiveCfg = Debug|Any CPU
		{DC7BBC29-AE4A-40FE-A6A7-07749DFB1284}.Debug|x64.Build.0 = Debug|Any CPU
		{DC7BBC29-AE4A-40FE-A6A7-07749DFB1284}.Debug|x86.ActiveCfg = Debug|Any CPU
		{DC7BBC29-AE4A-40FE-A6A7-07749DFB1284}.Debug|x86.Build.0 = Debug|Any CPU
		{DC7BBC29-AE4A-40FE-A6A7-07749DFB1284}.Release|Any CPU.ActiveCfg = Release|Any CPU
		{DC7BBC29-AE4A-40FE-A6A7-07749DFB1284}.Release|Any CPU.Build.0 = Release|Any CPU
		{DC7BBC29-AE4A-40FE-A6A7-07749DFB1284}.Release|x64.ActiveCfg = Release|Any CPU
		{DC7BBC29-AE4A-40FE-A6A7-07749DFB1284}.Release|x64.Build.0 = Release|Any CPU
		{DC7BBC29-AE4A-40FE-A6A7-07749DFB1284}.Release|x86.ActiveCfg = Release|Any CPU
		{DC7BBC29-AE4A-40FE-A6A7-07749DFB1284}.Release|x86.Build.0 = Release|Any CPU
		{D66A4CFF-FF62-4B47-816F-7B2B9EAD0AD3}.Debug|Any CPU.ActiveCfg = Debug|Any CPU
		{D66A4CFF-FF62-4B47-816F-7B2B9EAD0AD3}.Debug|Any CPU.Build.0 = Debug|Any CPU
		{D66A4CFF-FF62-4B47-816F-7B2B9EAD0AD3}.Debug|x64.ActiveCfg = Debug|Any CPU
		{D66A4CFF-FF62-4B47-816F-7B2B9EAD0AD3}.Debug|x64.Build.0 = Debug|Any CPU
		{D66A4CFF-FF62-4B47-816F-7B2B9EAD0AD3}.Debug|x86.ActiveCfg = Debug|Any CPU
		{D66A4CFF-FF62-4B47-816F-7B2B9EAD0AD3}.Debug|x86.Build.0 = Debug|Any CPU
		{D66A4CFF-FF62-4B47-816F-7B2B9EAD0AD3}.Release|Any CPU.ActiveCfg = Release|Any CPU
		{D66A4CFF-FF62-4B47-816F-7B2B9EAD0AD3}.Release|Any CPU.Build.0 = Release|Any CPU
		{D66A4CFF-FF62-4B47-816F-7B2B9EAD0AD3}.Release|x64.ActiveCfg = Release|Any CPU
		{D66A4CFF-FF62-4B47-816F-7B2B9EAD0AD3}.Release|x64.Build.0 = Release|Any CPU
		{D66A4CFF-FF62-4B47-816F-7B2B9EAD0AD3}.Release|x86.ActiveCfg = Release|Any CPU
		{D66A4CFF-FF62-4B47-816F-7B2B9EAD0AD3}.Release|x86.Build.0 = Release|Any CPU
		{B1FC772F-C6AC-487C-A8CA-809490B4706B}.Debug|Any CPU.ActiveCfg = Debug|Any CPU
		{B1FC772F-C6AC-487C-A8CA-809490B4706B}.Debug|Any CPU.Build.0 = Debug|Any CPU
		{B1FC772F-C6AC-487C-A8CA-809490B4706B}.Debug|x64.ActiveCfg = Debug|Any CPU
		{B1FC772F-C6AC-487C-A8CA-809490B4706B}.Debug|x64.Build.0 = Debug|Any CPU
		{B1FC772F-C6AC-487C-A8CA-809490B4706B}.Debug|x86.ActiveCfg = Debug|Any CPU
		{B1FC772F-C6AC-487C-A8CA-809490B4706B}.Debug|x86.Build.0 = Debug|Any CPU
		{B1FC772F-C6AC-487C-A8CA-809490B4706B}.Release|Any CPU.ActiveCfg = Release|Any CPU
		{B1FC772F-C6AC-487C-A8CA-809490B4706B}.Release|Any CPU.Build.0 = Release|Any CPU
		{B1FC772F-C6AC-487C-A8CA-809490B4706B}.Release|x64.ActiveCfg = Release|Any CPU
		{B1FC772F-C6AC-487C-A8CA-809490B4706B}.Release|x64.Build.0 = Release|Any CPU
		{B1FC772F-C6AC-487C-A8CA-809490B4706B}.Release|x86.ActiveCfg = Release|Any CPU
		{B1FC772F-C6AC-487C-A8CA-809490B4706B}.Release|x86.Build.0 = Release|Any CPU
		{95D82938-8AE1-46C2-BDC2-2FFCE189B7BE}.Debug|Any CPU.ActiveCfg = Debug|Any CPU
		{95D82938-8AE1-46C2-BDC2-2FFCE189B7BE}.Debug|Any CPU.Build.0 = Debug|Any CPU
		{95D82938-8AE1-46C2-BDC2-2FFCE189B7BE}.Debug|x64.ActiveCfg = Debug|Any CPU
		{95D82938-8AE1-46C2-BDC2-2FFCE189B7BE}.Debug|x64.Build.0 = Debug|Any CPU
		{95D82938-8AE1-46C2-BDC2-2FFCE189B7BE}.Debug|x86.ActiveCfg = Debug|Any CPU
		{95D82938-8AE1-46C2-BDC2-2FFCE189B7BE}.Debug|x86.Build.0 = Debug|Any CPU
		{95D82938-8AE1-46C2-BDC2-2FFCE189B7BE}.Release|Any CPU.ActiveCfg = Release|Any CPU
		{95D82938-8AE1-46C2-BDC2-2FFCE189B7BE}.Release|Any CPU.Build.0 = Release|Any CPU
		{95D82938-8AE1-46C2-BDC2-2FFCE189B7BE}.Release|x64.ActiveCfg = Release|Any CPU
		{95D82938-8AE1-46C2-BDC2-2FFCE189B7BE}.Release|x64.Build.0 = Release|Any CPU
		{95D82938-8AE1-46C2-BDC2-2FFCE189B7BE}.Release|x86.ActiveCfg = Release|Any CPU
		{95D82938-8AE1-46C2-BDC2-2FFCE189B7BE}.Release|x86.Build.0 = Release|Any CPU
		{2D45FDC0-1389-44EF-B412-E22D2025ED9C}.Debug|Any CPU.ActiveCfg = Debug|Any CPU
		{2D45FDC0-1389-44EF-B412-E22D2025ED9C}.Debug|Any CPU.Build.0 = Debug|Any CPU
		{2D45FDC0-1389-44EF-B412-E22D2025ED9C}.Debug|x64.ActiveCfg = Debug|Any CPU
		{2D45FDC0-1389-44EF-B412-E22D2025ED9C}.Debug|x64.Build.0 = Debug|Any CPU
		{2D45FDC0-1389-44EF-B412-E22D2025ED9C}.Debug|x86.ActiveCfg = Debug|Any CPU
		{2D45FDC0-1389-44EF-B412-E22D2025ED9C}.Debug|x86.Build.0 = Debug|Any CPU
		{2D45FDC0-1389-44EF-B412-E22D2025ED9C}.Release|Any CPU.ActiveCfg = Release|Any CPU
		{2D45FDC0-1389-44EF-B412-E22D2025ED9C}.Release|Any CPU.Build.0 = Release|Any CPU
		{2D45FDC0-1389-44EF-B412-E22D2025ED9C}.Release|x64.ActiveCfg = Release|Any CPU
		{2D45FDC0-1389-44EF-B412-E22D2025ED9C}.Release|x64.Build.0 = Release|Any CPU
		{2D45FDC0-1389-44EF-B412-E22D2025ED9C}.Release|x86.ActiveCfg = Release|Any CPU
		{2D45FDC0-1389-44EF-B412-E22D2025ED9C}.Release|x86.Build.0 = Release|Any CPU
		{2DB435EC-1E1B-4F5C-AA69-C88F6B966A7B}.Debug|Any CPU.ActiveCfg = Debug|Any CPU
		{2DB435EC-1E1B-4F5C-AA69-C88F6B966A7B}.Debug|Any CPU.Build.0 = Debug|Any CPU
		{2DB435EC-1E1B-4F5C-AA69-C88F6B966A7B}.Debug|x64.ActiveCfg = Debug|Any CPU
		{2DB435EC-1E1B-4F5C-AA69-C88F6B966A7B}.Debug|x64.Build.0 = Debug|Any CPU
		{2DB435EC-1E1B-4F5C-AA69-C88F6B966A7B}.Debug|x86.ActiveCfg = Debug|Any CPU
		{2DB435EC-1E1B-4F5C-AA69-C88F6B966A7B}.Debug|x86.Build.0 = Debug|Any CPU
		{2DB435EC-1E1B-4F5C-AA69-C88F6B966A7B}.Release|Any CPU.ActiveCfg = Release|Any CPU
		{2DB435EC-1E1B-4F5C-AA69-C88F6B966A7B}.Release|Any CPU.Build.0 = Release|Any CPU
		{2DB435EC-1E1B-4F5C-AA69-C88F6B966A7B}.Release|x64.ActiveCfg = Release|Any CPU
		{2DB435EC-1E1B-4F5C-AA69-C88F6B966A7B}.Release|x64.Build.0 = Release|Any CPU
		{2DB435EC-1E1B-4F5C-AA69-C88F6B966A7B}.Release|x86.ActiveCfg = Release|Any CPU
		{2DB435EC-1E1B-4F5C-AA69-C88F6B966A7B}.Release|x86.Build.0 = Release|Any CPU
		{2DA8458D-1545-4394-A038-29D0322DB0B7}.Debug|Any CPU.ActiveCfg = Debug|Any CPU
		{2DA8458D-1545-4394-A038-29D0322DB0B7}.Debug|Any CPU.Build.0 = Debug|Any CPU
		{2DA8458D-1545-4394-A038-29D0322DB0B7}.Debug|x64.ActiveCfg = Debug|Any CPU
		{2DA8458D-1545-4394-A038-29D0322DB0B7}.Debug|x64.Build.0 = Debug|Any CPU
		{2DA8458D-1545-4394-A038-29D0322DB0B7}.Debug|x86.ActiveCfg = Debug|Any CPU
		{2DA8458D-1545-4394-A038-29D0322DB0B7}.Debug|x86.Build.0 = Debug|Any CPU
		{2DA8458D-1545-4394-A038-29D0322DB0B7}.Release|Any CPU.ActiveCfg = Release|Any CPU
		{2DA8458D-1545-4394-A038-29D0322DB0B7}.Release|Any CPU.Build.0 = Release|Any CPU
		{2DA8458D-1545-4394-A038-29D0322DB0B7}.Release|x64.ActiveCfg = Release|Any CPU
		{2DA8458D-1545-4394-A038-29D0322DB0B7}.Release|x64.Build.0 = Release|Any CPU
		{2DA8458D-1545-4394-A038-29D0322DB0B7}.Release|x86.ActiveCfg = Release|Any CPU
		{2DA8458D-1545-4394-A038-29D0322DB0B7}.Release|x86.Build.0 = Release|Any CPU
		{2A9F22A7-C0E4-4941-A108-3E04338DD295}.Debug|Any CPU.ActiveCfg = Debug|Any CPU
		{2A9F22A7-C0E4-4941-A108-3E04338DD295}.Debug|Any CPU.Build.0 = Debug|Any CPU
		{2A9F22A7-C0E4-4941-A108-3E04338DD295}.Debug|x64.ActiveCfg = Debug|Any CPU
		{2A9F22A7-C0E4-4941-A108-3E04338DD295}.Debug|x64.Build.0 = Debug|Any CPU
		{2A9F22A7-C0E4-4941-A108-3E04338DD295}.Debug|x86.ActiveCfg = Debug|Any CPU
		{2A9F22A7-C0E4-4941-A108-3E04338DD295}.Debug|x86.Build.0 = Debug|Any CPU
		{2A9F22A7-C0E4-4941-A108-3E04338DD295}.Release|Any CPU.ActiveCfg = Release|Any CPU
		{2A9F22A7-C0E4-4941-A108-3E04338DD295}.Release|Any CPU.Build.0 = Release|Any CPU
		{2A9F22A7-C0E4-4941-A108-3E04338DD295}.Release|x64.ActiveCfg = Release|Any CPU
		{2A9F22A7-C0E4-4941-A108-3E04338DD295}.Release|x64.Build.0 = Release|Any CPU
		{2A9F22A7-C0E4-4941-A108-3E04338DD295}.Release|x86.ActiveCfg = Release|Any CPU
		{2A9F22A7-C0E4-4941-A108-3E04338DD295}.Release|x86.Build.0 = Release|Any CPU
	EndGlobalSection
	GlobalSection(SolutionProperties) = preSolution
		HideSolutionNode = FALSE
	EndGlobalSection
	GlobalSection(NestedProjects) = preSolution
		{9AA96A14-7C43-4D13-9A45-B620179B1C36} = {795BAFDB-D758-470D-B255-732ECE359382}
		{DCF1F77F-823A-48AE-B356-7F7A0EFC12AF} = {795BAFDB-D758-470D-B255-732ECE359382}
		{E130EAB3-2794-4D8D-98CC-60D335F9EBFE} = {795BAFDB-D758-470D-B255-732ECE359382}
		{D9C3B0DF-457F-4F32-8FF1-23B87C974DCE} = {E130EAB3-2794-4D8D-98CC-60D335F9EBFE}
		{36048375-78FE-42A7-8BE8-0BF1BAB7AD4B} = {E130EAB3-2794-4D8D-98CC-60D335F9EBFE}
		{EC511D32-E526-4C0D-BE3E-3E33882E796A} = {E130EAB3-2794-4D8D-98CC-60D335F9EBFE}
		{C7BE6A00-2747-45FE-B07E-FF66DD89FBA6} = {E130EAB3-2794-4D8D-98CC-60D335F9EBFE}
		{7417F8DA-F07E-40DF-9CD1-90CFBE69FE9C} = {E130EAB3-2794-4D8D-98CC-60D335F9EBFE}
		{A947021F-1EA1-4BB0-9AA4-1B22A885F27B} = {E130EAB3-2794-4D8D-98CC-60D335F9EBFE}
		{C078136A-5EAD-4363-B2D5-33A4C4F5A392} = {2E56E951-CF40-424A-A573-4AC0DC0A3A27}
		{73CFF3B9-9986-4612-86F9-1320AC2C78E3} = {E130EAB3-2794-4D8D-98CC-60D335F9EBFE}
		{10B57515-4A4D-4311-A5DF-1BF088EB761B} = {E130EAB3-2794-4D8D-98CC-60D335F9EBFE}
		{555209E8-3257-466E-95AC-472D4BFBEF1C} = {E130EAB3-2794-4D8D-98CC-60D335F9EBFE}
		{827EE151-CD24-4115-9EE5-9D21FA292A37} = {E130EAB3-2794-4D8D-98CC-60D335F9EBFE}
		{5986B124-8226-4747-93A9-8EC73BAB77FD} = {E130EAB3-2794-4D8D-98CC-60D335F9EBFE}
		{DD54A434-C219-49A4-A7F6-63FA3E203566} = {E130EAB3-2794-4D8D-98CC-60D335F9EBFE}
		{566C76A2-73B6-4175-8324-F63227378055} = {E130EAB3-2794-4D8D-98CC-60D335F9EBFE}
		{22FCF350-B358-4ACB-9ADA-A3011A8C797C} = {E130EAB3-2794-4D8D-98CC-60D335F9EBFE}
		{983E1207-6A99-473A-811F-F54F70C8A69F} = {E130EAB3-2794-4D8D-98CC-60D335F9EBFE}
		{ECE63741-FAE6-44C1-A250-D978D3BB3A89} = {E130EAB3-2794-4D8D-98CC-60D335F9EBFE}
		{20FC3CDA-EA66-4419-8238-D2249E20B3DF} = {E130EAB3-2794-4D8D-98CC-60D335F9EBFE}
		{BD1F0396-2EC0-4AAE-8C08-03DB8A8BA67F} = {E130EAB3-2794-4D8D-98CC-60D335F9EBFE}
		{41F4F165-7DF5-4124-9286-E458F2F29D02} = {E130EAB3-2794-4D8D-98CC-60D335F9EBFE}
		{DC7BBC29-AE4A-40FE-A6A7-07749DFB1284} = {E130EAB3-2794-4D8D-98CC-60D335F9EBFE}
		{D66A4CFF-FF62-4B47-816F-7B2B9EAD0AD3} = {E130EAB3-2794-4D8D-98CC-60D335F9EBFE}
		{B1FC772F-C6AC-487C-A8CA-809490B4706B} = {E130EAB3-2794-4D8D-98CC-60D335F9EBFE}
		{95D82938-8AE1-46C2-BDC2-2FFCE189B7BE} = {E130EAB3-2794-4D8D-98CC-60D335F9EBFE}
		{2D45FDC0-1389-44EF-B412-E22D2025ED9C} = {E130EAB3-2794-4D8D-98CC-60D335F9EBFE}
		{2DB435EC-1E1B-4F5C-AA69-C88F6B966A7B} = {E130EAB3-2794-4D8D-98CC-60D335F9EBFE}
		{2DA8458D-1545-4394-A038-29D0322DB0B7} = {E130EAB3-2794-4D8D-98CC-60D335F9EBFE}
		{2A9F22A7-C0E4-4941-A108-3E04338DD295} = {E130EAB3-2794-4D8D-98CC-60D335F9EBFE}
	EndGlobalSection
EndGlobal
